
Microsoft Visual Studio Solution File, Format Version 12.00
# Visual Studio Version 16
VisualStudioVersion = 16.0.29021.104
MinimumVisualStudioVersion = 10.0.40219.1
Project("{9A19103F-16F7-4668-BE54-9A1E7A4F7556}") = "SpaApp.Server", "SpaApp.Server\SpaApp.Server.csproj", "{79776799-1D54-46CC-B935-8D145B3D76B8}"
EndProject
Project("{9A19103F-16F7-4668-BE54-9A1E7A4F7556}") = "SpaApp.Client", "SpaApp.Client\SpaApp.Client.csproj", "{C4C3F371-A6EA-4B4F-A58A-BE8EB9A8423E}"
EndProject
Project("{9A19103F-16F7-4668-BE54-9A1E7A4F7556}") = "SpaApp.Shared", "SpaApp.Shared\SpaApp.Shared.csproj", "{ABB2AD16-E0FF-4CEE-AF5C-74C1FC7BAC53}"
EndProject
Project("{FAE04EC0-301F-11D3-BF4B-00C04F79EFBC}") = "SpaApp.DataAccess.CosmosDb", "SpaApp.DataAccess.CosmosDb\SpaApp.DataAccess.CosmosDb.csproj", "{A9AED956-AB6E-4720-BCCF-8D24A50A4DD2}"
EndProject
Global
	GlobalSection(SolutionConfigurationPlatforms) = preSolution
		Debug|Any CPU = Debug|Any CPU
		Release|Any CPU = Release|Any CPU
	EndGlobalSection
	GlobalSection(ProjectConfigurationPlatforms) = postSolution
		{79776799-1D54-46CC-B935-8D145B3D76B8}.Debug|Any CPU.ActiveCfg = Debug|Any CPU
		{79776799-1D54-46CC-B935-8D145B3D76B8}.Debug|Any CPU.Build.0 = Debug|Any CPU
		{79776799-1D54-46CC-B935-8D145B3D76B8}.Release|Any CPU.ActiveCfg = Release|Any CPU
		{79776799-1D54-46CC-B935-8D145B3D76B8}.Release|Any CPU.Build.0 = Release|Any CPU
		{C4C3F371-A6EA-4B4F-A58A-BE8EB9A8423E}.Debug|Any CPU.ActiveCfg = Debug|Any CPU
		{C4C3F371-A6EA-4B4F-A58A-BE8EB9A8423E}.Debug|Any CPU.Build.0 = Debug|Any CPU
		{C4C3F371-A6EA-4B4F-A58A-BE8EB9A8423E}.Release|Any CPU.ActiveCfg = Release|Any CPU
		{C4C3F371-A6EA-4B4F-A58A-BE8EB9A8423E}.Release|Any CPU.Build.0 = Release|Any CPU
		{ABB2AD16-E0FF-4CEE-AF5C-74C1FC7BAC53}.Debug|Any CPU.ActiveCfg = Debug|Any CPU
		{ABB2AD16-E0FF-4CEE-AF5C-74C1FC7BAC53}.Debug|Any CPU.Build.0 = Debug|Any CPU
		{ABB2AD16-E0FF-4CEE-AF5C-74C1FC7BAC53}.Release|Any CPU.ActiveCfg = Release|Any CPU
		{ABB2AD16-E0FF-4CEE-AF5C-74C1FC7BAC53}.Release|Any CPU.Build.0 = Release|Any CPU
		{A9AED956-AB6E-4720-BCCF-8D24A50A4DD2}.Debug|Any CPU.ActiveCfg = Debug|Any CPU
		{A9AED956-AB6E-4720-BCCF-8D24A50A4DD2}.Debug|Any CPU.Build.0 = Debug|Any CPU
		{A9AED956-AB6E-4720-BCCF-8D24A50A4DD2}.Release|Any CPU.ActiveCfg = Release|Any CPU
		{A9AED956-AB6E-4720-BCCF-8D24A50A4DD2}.Release|Any CPU.Build.0 = Release|Any CPU
	EndGlobalSection
	GlobalSection(SolutionProperties) = preSolution
		HideSolutionNode = FALSE
	EndGlobalSection
	GlobalSection(ExtensibilityGlobals) = postSolution
		SolutionGuid = {1FD50E03-CCEC-40E7-BC3E-51A6FB0B527E}
	EndGlobalSection
EndGlobal
